
Microsoft Visual Studio Solution File, Format Version 12.00
# Visual Studio Version 16
VisualStudioVersion = 16.0.29519.87
MinimumVisualStudioVersion = 10.0.40219.1
Project("{9A19103F-16F7-4668-BE54-9A1E7A4F7556}") = "GeolocationAPI", "GeolocationAPI\GeolocationAPI.csproj", "{FFBD8055-8AE7-44D1-84A4-2F36D52ACC30}"
EndProject
Project("{9A19103F-16F7-4668-BE54-9A1E7A4F7556}") = "Geolocation.Infrastructure", "Geolocation.Infrastructure\Geolocation.Infrastructure.csproj", "{2CC17EE3-ED31-4339-A27C-CC8D928B450B}"
EndProject
Project("{9A19103F-16F7-4668-BE54-9A1E7A4F7556}") = "Geolocation.Domain", "Geolocation.Domain\Geolocation.Domain.csproj", "{9C82FD63-6882-435F-961A-5CC6AF67178A}"
EndProject
Project("{9A19103F-16F7-4668-BE54-9A1E7A4F7556}") = "Geolocation.UnitTests", "Geolocation.UnitTests\Geolocation.UnitTests.csproj", "{5B0177C5-D14E-452D-8DCA-9004E645E2B5}"
EndProject
Project("{FAE04EC0-301F-11D3-BF4B-00C04F79EFBC}") = "Geolocation.IntegrationTests", "Geolocation.IntegrationTests\Geolocation.IntegrationTests.csproj", "{4F29D73B-1DFA-47C7-A407-B6C60ED59C1D}"
EndProject
Global
	GlobalSection(SolutionConfigurationPlatforms) = preSolution
		Debug|Any CPU = Debug|Any CPU
		Release|Any CPU = Release|Any CPU
	EndGlobalSection
	GlobalSection(ProjectConfigurationPlatforms) = postSolution
		{FFBD8055-8AE7-44D1-84A4-2F36D52ACC30}.Debug|Any CPU.ActiveCfg = Debug|Any CPU
		{FFBD8055-8AE7-44D1-84A4-2F36D52ACC30}.Debug|Any CPU.Build.0 = Debug|Any CPU
		{FFBD8055-8AE7-44D1-84A4-2F36D52ACC30}.Release|Any CPU.ActiveCfg = Release|Any CPU
		{FFBD8055-8AE7-44D1-84A4-2F36D52ACC30}.Release|Any CPU.Build.0 = Release|Any CPU
		{2CC17EE3-ED31-4339-A27C-CC8D928B450B}.Debug|Any CPU.ActiveCfg = Debug|Any CPU
		{2CC17EE3-ED31-4339-A27C-CC8D928B450B}.Debug|Any CPU.Build.0 = Debug|Any CPU
		{2CC17EE3-ED31-4339-A27C-CC8D928B450B}.Release|Any CPU.ActiveCfg = Release|Any CPU
		{2CC17EE3-ED31-4339-A27C-CC8D928B450B}.Release|Any CPU.Build.0 = Release|Any CPU
		{9C82FD63-6882-435F-961A-5CC6AF67178A}.Debug|Any CPU.ActiveCfg = Debug|Any CPU
		{9C82FD63-6882-435F-961A-5CC6AF67178A}.Debug|Any CPU.Build.0 = Debug|Any CPU
		{9C82FD63-6882-435F-961A-5CC6AF67178A}.Release|Any CPU.ActiveCfg = Release|Any CPU
		{9C82FD63-6882-435F-961A-5CC6AF67178A}.Release|Any CPU.Build.0 = Release|Any CPU
		{5B0177C5-D14E-452D-8DCA-9004E645E2B5}.Debug|Any CPU.ActiveCfg = Debug|Any CPU
		{5B0177C5-D14E-452D-8DCA-9004E645E2B5}.Debug|Any CPU.Build.0 = Debug|Any CPU
		{5B0177C5-D14E-452D-8DCA-9004E645E2B5}.Release|Any CPU.ActiveCfg = Release|Any CPU
		{5B0177C5-D14E-452D-8DCA-9004E645E2B5}.Release|Any CPU.Build.0 = Release|Any CPU
		{4F29D73B-1DFA-47C7-A407-B6C60ED59C1D}.Debug|Any CPU.ActiveCfg = Debug|Any CPU
		{4F29D73B-1DFA-47C7-A407-B6C60ED59C1D}.Debug|Any CPU.Build.0 = Debug|Any CPU
		{4F29D73B-1DFA-47C7-A407-B6C60ED59C1D}.Release|Any CPU.ActiveCfg = Release|Any CPU
		{4F29D73B-1DFA-47C7-A407-B6C60ED59C1D}.Release|Any CPU.Build.0 = Release|Any CPU
	EndGlobalSection
	GlobalSection(SolutionProperties) = preSolution
		HideSolutionNode = FALSE
	EndGlobalSection
	GlobalSection(ExtensibilityGlobals) = postSolution
		SolutionGuid = {4D8C0D12-35D8-4056-9C29-8BBB24E88ED1}
	EndGlobalSection
EndGlobal
